<?xml version="1.0" encoding="utf-8"?>
<Project ToolsVersion="15.0" xmlns="http://schemas.microsoft.com/developer/msbuild/2003">
  <ItemGroup>
    <ClCompile Include="hello_vulkan.cpp" />
    <ClCompile Include="main.cpp" />
    <ClCompile Include="..\common\manipulator.cpp">
      <Filter>common</Filter>
    </ClCompile>
    <ClCompile Include="..\common\obj_loader.cpp">
      <Filter>common</Filter>
    </ClCompile>
    <ClCompile Include="..\libs\imgui\imgui.cpp">
      <Filter>imgui</Filter>
    </ClCompile>
    <ClCompile Include="..\libs\imgui\imgui_demo.cpp">
      <Filter>imgui</Filter>
    </ClCompile>
    <ClCompile Include="..\libs\imgui\imgui_draw.cpp">
      <Filter>imgui</Filter>
    </ClCompile>
    <ClCompile Include="..\libs\imgui\imgui_impl_vulkan.cpp">
      <Filter>imgui</Filter>
    </ClCompile>
    <ClCompile Include="..\libs\imgui\imgui_widgets.cpp">
      <Filter>imgui</Filter>
    </ClCompile>
    <ClCompile Include="..\libs\imgui\imgui_impl_glfw.cpp">
      <Filter>imgui</Filter>
    </ClCompile>
    <ClCompile Include="..\common\images_vkpp.cpp">
      <Filter>common</Filter>
    </ClCompile>
    <ClCompile Include="..\common\context_vkpp.cpp">
      <Filter>common</Filter>
    </ClCompile>
  </ItemGroup>
  <ItemGroup>
    <ClInclude Include="hello_vulkan.h" />
    <ClInclude Include="..\common\manipulator.h">
      <Filter>common</Filter>
    </ClInclude>
    <ClInclude Include="..\common\tiny_obj_loader.h">
      <Filter>common</Filter>
    </ClInclude>
    <ClInclude Include="..\common\obj_loader.h">
      <Filter>common</Filter>
    </ClInclude>
    <ClInclude Include="..\libs\imgui\imconfig.h">
      <Filter>imgui</Filter>
    </ClInclude>
    <ClInclude Include="..\libs\imgui\imgui.h">
      <Filter>imgui</Filter>
    </ClInclude>
    <ClInclude Include="..\libs\imgui\imgui_impl_vulkan.h">
      <Filter>imgui</Filter>
    </ClInclude>
    <ClInclude Include="..\libs\imgui\imgui_internal.h">
      <Filter>imgui</Filter>
    </ClInclude>
    <ClInclude Include="..\libs\imgui\imstb_rectpack.h">
      <Filter>imgui</Filter>
    </ClInclude>
    <ClInclude Include="..\libs\imgui\imstb_textedit.h">
      <Filter>imgui</Filter>
    </ClInclude>
    <ClInclude Include="..\libs\imgui\imstb_truetype.h">
      <Filter>imgui</Filter>
    </ClInclude>
    <ClInclude Include="..\libs\imgui\imgui_impl_glfw.h">
      <Filter>imgui</Filter>
    </ClInclude>
    <ClInclude Include="..\common\allocator_dedicated_vkpp.hpp">
      <Filter>common</Filter>
    </ClInclude>
    <ClInclude Include="..\common\images_vkpp.hpp">
      <Filter>common</Filter>
    </ClInclude>
    <ClInclude Include="..\common\utilities_vkpp.hpp">
      <Filter>common</Filter>
    </ClInclude>
    <ClInclude Include="..\common\descriptorsets_vkpp.hpp">
      <Filter>common</Filter>
    </ClInclude>
    <ClInclude Include="..\common\pipeline_vkpp.hpp">
      <Filter>common</Filter>
    </ClInclude>
    <ClInclude Include="..\common\context_vkpp.hpp">
      <Filter>common</Filter>
    </ClInclude>
    <ClInclude Include="..\common\commands_vkpp.hpp">
      <Filter>common</Filter>
    </ClInclude>
    <ClInclude Include="..\common\appbase_vkpp.hpp">
      <Filter>common</Filter>
    </ClInclude>
    <ClInclude Include="..\common\debug_util_vkpp.hpp">
      <Filter>common</Filter>
    </ClInclude>
    <ClInclude Include="..\common\raytrace_vkpp.hpp">
      <Filter>common</Filter>
    </ClInclude>
    <ClInclude Include="..\common\renderpass_vkpp.hpp">
      <Filter>common</Filter>
    </ClInclude>
    <ClInclude Include="..\common\stb_image.h">
      <Filter>common</Filter>
    </ClInclude>
    <ClInclude Include="..\common\swapchain_vkpp.hpp">
      <Filter>common</Filter>
    </ClInclude>
  </ItemGroup>
  <ItemGroup>
    <Filter Include="common">
      <UniqueIdentifier>{b37f53c8-5e75-434b-96ca-91022518b27e}</UniqueIdentifier>
    </Filter>
    <Filter Include="imgui">
      <UniqueIdentifier>{de130830-c1d3-408b-95b1-30ecf826cac4}</UniqueIdentifier>
    </Filter>
    <Filter Include="shaders">
      <UniqueIdentifier>{fccf3108-134b-42a6-a135-6d6e073b75e6}</UniqueIdentifier>
    </Filter>
  </ItemGroup>
  <ItemGroup>
    <GLSLValidate Include="shaders\frag_shader.frag">
      <Filter>shaders</Filter>
    </GLSLValidate>
    <GLSLValidate Include="shaders\vert_shader.vert">
      <Filter>shaders</Filter>
    </GLSLValidate>
    <GLSLValidate Include="shaders\passthrough.vert">
      <Filter>shaders</Filter>
    </GLSLValidate>
    <GLSLValidate Include="shaders\post.frag">
      <Filter>shaders</Filter>
    </GLSLValidate>
    <GLSLValidate Include="shaders\raytrace.rchit">
      <Filter>shaders</Filter>
    </GLSLValidate>
    <GLSLValidate Include="shaders\raytrace.rgen">
      <Filter>shaders</Filter>
    </GLSLValidate>
    <GLSLValidate Include="shaders\raytrace.rmiss">
      <Filter>shaders</Filter>
    </GLSLValidate>
    <GLSLValidate Include="shaders\raytraceShadow.rmiss">
      <Filter>shaders</Filter>
    </GLSLValidate>
  </ItemGroup>
  <ItemGroup>
    <None Include="shaders\wavefront.glsl">
      <Filter>shaders</Filter>
    </None>
    <None Include="shaders\raycommon.glsl">
      <Filter>shaders</Filter>
    </None>
  </ItemGroup>
</Project>